
Microsoft Visual Studio Solution File, Format Version 12.00
# Visual Studio Version 17
VisualStudioVersion = 17.13.35931.197 d17.13
MinimumVisualStudioVersion = 10.0.40219.1
Project("{FAE04EC0-301F-11D3-BF4B-00C04F79EFBC}") = "session4", "ConsoleApp2\session4.csproj", "{396CA53E-3C33-4632-907B-ED9749EC665B}"
EndProject
Global
	GlobalSection(SolutionConfigurationPlatforms) = preSolution
		Debug|Any CPU = Debug|Any CPU
		Release|Any CPU = Release|Any CPU
	EndGlobalSection
	GlobalSection(ProjectConfigurationPlatforms) = postSolution
		{396CA53E-3C33-4632-907B-ED9749EC665B}.Debug|Any CPU.ActiveCfg = Debug|Any CPU
		{396CA53E-3C33-4632-907B-ED9749EC665B}.Debug|Any CPU.Build.0 = Debug|Any CPU
		{396CA53E-3C33-4632-907B-ED9749EC665B}.Release|Any CPU.ActiveCfg = Release|Any CPU
		{396CA53E-3C33-4632-907B-ED9749EC665B}.Release|Any CPU.Build.0 = Release|Any CPU
	EndGlobalSection
	GlobalSection(SolutionProperties) = preSolution
		HideSolutionNode = FALSE
	EndGlobalSection
	GlobalSection(ExtensibilityGlobals) = postSolution
		SolutionGuid = {C9344B00-162E-46D9-B7B7-55C29A9358DC}
	EndGlobalSection
EndGlobal
